// !$*UTF8*$!
{
	archiveVersion = 1;
	classes = {
	};
	objectVersion = 56;
	objects = {

/* Begin PBXBuildFile section */
		EE46FD102DD82E0000BCF0BF /* PlayerViewController.swift in Sources */ = {isa = PBXBuildFile; fileRef = EE46FD0E2DD82E0000BCF0BF /* PlayerViewController.swift */; };
		EE46FD112DD82E0000BCF0BF /* PlayerViewController.xib in Resources */ = {isa = PBXBuildFile; fileRef = EE46FD0F2DD82E0000BCF0BF /* PlayerViewController.xib */; };
		EE46FD162DD837A000BCF0BF /* Song.swift in Sources */ = {isa = PBXBuildFile; fileRef = EE46FD152DD837A000BCF0BF /* Song.swift */; };
		EE46FD192DD83CEF00BCF0BF /* WebService.swift in Sources */ = {isa = PBXBuildFile; fileRef = EE46FD182DD83CEF00BCF0BF /* WebService.swift */; };
		EE46FD1B2DD8494400BCF0BF /* ViewModel.swift in Sources */ = {isa = PBXBuildFile; fileRef = EE46FD1A2DD8494400BCF0BF /* ViewModel.swift */; };
		EE6D521E2DD8273B00D0D1C8 /* AppDelegate.swift in Sources */ = {isa = PBXBuildFile; fileRef = EE6D521D2DD8273B00D0D1C8 /* AppDelegate.swift */; };
		EE6D52202DD8273B00D0D1C8 /* SceneDelegate.swift in Sources */ = {isa = PBXBuildFile; fileRef = EE6D521F2DD8273B00D0D1C8 /* SceneDelegate.swift */; };
		EE6D52222DD8273B00D0D1C8 /* ViewController.swift in Sources */ = {isa = PBXBuildFile; fileRef = EE6D52212DD8273B00D0D1C8 /* ViewController.swift */; };
		EE6D52252DD8273B00D0D1C8 /* Base in Resources */ = {isa = PBXBuildFile; fileRef = EE6D52242DD8273B00D0D1C8 /* Base */; };
		EE6D52272DD8274300D0D1C8 /* Assets.xcassets in Resources */ = {isa = PBXBuildFile; fileRef = EE6D52262DD8274300D0D1C8 /* Assets.xcassets */; };
		EE6D522A2DD8274300D0D1C8 /* Base in Resources */ = {isa = PBXBuildFile; fileRef = EE6D52292DD8274300D0D1C8 /* Base */; };
		EE6D52352DD8274400D0D1C8 /* Music_PlayerTests.swift in Sources */ = {isa = PBXBuildFile; fileRef = EE6D52342DD8274400D0D1C8 /* Music_PlayerTests.swift */; };
		EE6D523F2DD8274400D0D1C8 /* Music_PlayerUITests.swift in Sources */ = {isa = PBXBuildFile; fileRef = EE6D523E2DD8274400D0D1C8 /* Music_PlayerUITests.swift */; };
		EE6D52412DD8274400D0D1C8 /* Music_PlayerUITestsLaunchTests.swift in Sources */ = {isa = PBXBuildFile; fileRef = EE6D52402DD8274400D0D1C8 /* Music_PlayerUITestsLaunchTests.swift */; };
/* End PBXBuildFile section */

/* Begin PBXContainerItemProxy section */
		EE6D52312DD8274400D0D1C8 /* PBXContainerItemProxy */ = {
			isa = PBXContainerItemProxy;
			containerPortal = EE6D52122DD8273B00D0D1C8 /* Project object */;
			proxyType = 1;
			remoteGlobalIDString = EE6D52192DD8273B00D0D1C8;
			remoteInfo = "Music Player";
		};
		EE6D523B2DD8274400D0D1C8 /* PBXContainerItemProxy */ = {
			isa = PBXContainerItemProxy;
			containerPortal = EE6D52122DD8273B00D0D1C8 /* Project object */;
			proxyType = 1;
			remoteGlobalIDString = EE6D52192DD8273B00D0D1C8;
			remoteInfo = "Music Player";
		};
/* End PBXContainerItemProxy section */

/* Begin PBXFileReference section */
		EE46FD0E2DD82E0000BCF0BF /* PlayerViewController.swift */ = {isa = PBXFileReference; lastKnownFileType = sourcecode.swift; path = PlayerViewController.swift; sourceTree = "<group>"; };
		EE46FD0F2DD82E0000BCF0BF /* PlayerViewController.xib */ = {isa = PBXFileReference; lastKnownFileType = file.xib; path = PlayerViewController.xib; sourceTree = "<group>"; };
		EE46FD152DD837A000BCF0BF /* Song.swift */ = {isa = PBXFileReference; lastKnownFileType = sourcecode.swift; path = Song.swift; sourceTree = "<group>"; };
		EE46FD182DD83CEF00BCF0BF /* WebService.swift */ = {isa = PBXFileReference; lastKnownFileType = sourcecode.swift; path = WebService.swift; sourceTree = "<group>"; };
		EE46FD1A2DD8494400BCF0BF /* ViewModel.swift */ = {isa = PBXFileReference; lastKnownFileType = sourcecode.swift; path = ViewModel.swift; sourceTree = "<group>"; };
		EE6D521A2DD8273B00D0D1C8 /* Music Player.app */ = {isa = PBXFileReference; explicitFileType = wrapper.application; includeInIndex = 0; path = "Music Player.app"; sourceTree = BUILT_PRODUCTS_DIR; };
		EE6D521D2DD8273B00D0D1C8 /* AppDelegate.swift */ = {isa = PBXFileReference; lastKnownFileType = sourcecode.swift; path = AppDelegate.swift; sourceTree = "<group>"; };
		EE6D521F2DD8273B00D0D1C8 /* SceneDelegate.swift */ = {isa = PBXFileReference; lastKnownFileType = sourcecode.swift; path = SceneDelegate.swift; sourceTree = "<group>"; };
		EE6D52212DD8273B00D0D1C8 /* ViewController.swift */ = {isa = PBXFileReference; lastKnownFileType = sourcecode.swift; path = ViewController.swift; sourceTree = "<group>"; };
		EE6D52242DD8273B00D0D1C8 /* Base */ = {isa = PBXFileReference; lastKnownFileType = file.storyboard; name = Base; path = Base.lproj/Main.storyboard; sourceTree = "<group>"; };
		EE6D52262DD8274300D0D1C8 /* Assets.xcassets */ = {isa = PBXFileReference; lastKnownFileType = folder.assetcatalog; path = Assets.xcassets; sourceTree = "<group>"; };
		EE6D52292DD8274300D0D1C8 /* Base */ = {isa = PBXFileReference; lastKnownFileType = file.storyboard; name = Base; path = Base.lproj/LaunchScreen.storyboard; sourceTree = "<group>"; };
		EE6D522B2DD8274300D0D1C8 /* Info.plist */ = {isa = PBXFileReference; lastKnownFileType = text.plist.xml; path = Info.plist; sourceTree = "<group>"; };
		EE6D52302DD8274400D0D1C8 /* Music PlayerTests.xctest */ = {isa = PBXFileReference; explicitFileType = wrapper.cfbundle; includeInIndex = 0; path = "Music PlayerTests.xctest"; sourceTree = BUILT_PRODUCTS_DIR; };
		EE6D52342DD8274400D0D1C8 /* Music_PlayerTests.swift */ = {isa = PBXFileReference; lastKnownFileType = sourcecode.swift; path = Music_PlayerTests.swift; sourceTree = "<group>"; };
		EE6D523A2DD8274400D0D1C8 /* Music PlayerUITests.xctest */ = {isa = PBXFileReference; explicitFileType = wrapper.cfbundle; includeInIndex = 0; path = "Music PlayerUITests.xctest"; sourceTree = BUILT_PRODUCTS_DIR; };
		EE6D523E2DD8274400D0D1C8 /* Music_PlayerUITests.swift */ = {isa = PBXFileReference; lastKnownFileType = sourcecode.swift; path = Music_PlayerUITests.swift; sourceTree = "<group>"; };
		EE6D52402DD8274400D0D1C8 /* Music_PlayerUITestsLaunchTests.swift */ = {isa = PBXFileReference; lastKnownFileType = sourcecode.swift; path = Music_PlayerUITestsLaunchTests.swift; sourceTree = "<group>"; };
/* End PBXFileReference section */

/* Begin PBXFrameworksBuildPhase section */
		EE6D52172DD8273B00D0D1C8 /* Frameworks */ = {
			isa = PBXFrameworksBuildPhase;
			buildActionMask = 2147483647;
			files = (
			);
			runOnlyForDeploymentPostprocessing = 0;
		};
		EE6D522D2DD8274400D0D1C8 /* Frameworks */ = {
			isa = PBXFrameworksBuildPhase;
			buildActionMask = 2147483647;
			files = (
			);
			runOnlyForDeploymentPostprocessing = 0;
		};
		EE6D52372DD8274400D0D1C8 /* Frameworks */ = {
			isa = PBXFrameworksBuildPhase;
			buildActionMask = 2147483647;
			files = (
			);
			runOnlyForDeploymentPostprocessing = 0;
		};
/* End PBXFrameworksBuildPhase section */

/* Begin PBXGroup section */
		EE46FD122DD82E6B00BCF0BF /* View */ = {
			isa = PBXGroup;
			children = (
				EE46FD0E2DD82E0000BCF0BF /* PlayerViewController.swift */,
				EE46FD0F2DD82E0000BCF0BF /* PlayerViewController.xib */,
			);
			path = View;
			sourceTree = "<group>";
		};
		EE46FD132DD82E7400BCF0BF /* ViewModel */ = {
			isa = PBXGroup;
			children = (
				EE46FD1A2DD8494400BCF0BF /* ViewModel.swift */,
			);
			path = ViewModel;
			sourceTree = "<group>";
		};
		EE46FD142DD82E7B00BCF0BF /* Model */ = {
			isa = PBXGroup;
			children = (
				EE46FD152DD837A000BCF0BF /* Song.swift */,
			);
			path = Model;
			sourceTree = "<group>";
		};
		EE46FD172DD83CD300BCF0BF /* WebService */ = {
			isa = PBXGroup;
			children = (
				EE46FD182DD83CEF00BCF0BF /* WebService.swift */,
			);
			path = WebService;
			sourceTree = "<group>";
		};
		EE6D52112DD8273B00D0D1C8 = {
			isa = PBXGroup;
			children = (
				EE6D521C2DD8273B00D0D1C8 /* Music Player */,
				EE6D52332DD8274400D0D1C8 /* Music PlayerTests */,
				EE6D523D2DD8274400D0D1C8 /* Music PlayerUITests */,
				EE6D521B2DD8273B00D0D1C8 /* Products */,
			);
			sourceTree = "<group>";
		};
		EE6D521B2DD8273B00D0D1C8 /* Products */ = {
			isa = PBXGroup;
			children = (
				EE6D521A2DD8273B00D0D1C8 /* Music Player.app */,
				EE6D52302DD8274400D0D1C8 /* Music PlayerTests.xctest */,
				EE6D523A2DD8274400D0D1C8 /* Music PlayerUITests.xctest */,
			);
			name = Products;
			sourceTree = "<group>";
		};
		EE6D521C2DD8273B00D0D1C8 /* Music Player */ = {
			isa = PBXGroup;
			children = (
				EE46FD172DD83CD300BCF0BF /* WebService */,
				EE46FD142DD82E7B00BCF0BF /* Model */,
				EE46FD132DD82E7400BCF0BF /* ViewModel */,
				EE46FD122DD82E6B00BCF0BF /* View */,
				EE6D521D2DD8273B00D0D1C8 /* AppDelegate.swift */,
				EE6D521F2DD8273B00D0D1C8 /* SceneDelegate.swift */,
				EE6D52212DD8273B00D0D1C8 /* ViewController.swift */,
				EE6D52232DD8273B00D0D1C8 /* Main.storyboard */,
				EE6D52262DD8274300D0D1C8 /* Assets.xcassets */,
				EE6D52282DD8274300D0D1C8 /* LaunchScreen.storyboard */,
				EE6D522B2DD8274300D0D1C8 /* Info.plist */,
			);
			path = "Music Player";
			sourceTree = "<group>";
		};
		EE6D52332DD8274400D0D1C8 /* Music PlayerTests */ = {
			isa = PBXGroup;
			children = (
				EE6D52342DD8274400D0D1C8 /* Music_PlayerTests.swift */,
			);
			path = "Music PlayerTests";
			sourceTree = "<group>";
		};
		EE6D523D2DD8274400D0D1C8 /* Music PlayerUITests */ = {
			isa = PBXGroup;
			children = (
				EE6D523E2DD8274400D0D1C8 /* Music_PlayerUITests.swift */,
				EE6D52402DD8274400D0D1C8 /* Music_PlayerUITestsLaunchTests.swift */,
			);
			path = "Music PlayerUITests";
			sourceTree = "<group>";
		};
/* End PBXGroup section */

/* Begin PBXNativeTarget section */
		EE6D52192DD8273B00D0D1C8 /* Music Player */ = {
			isa = PBXNativeTarget;
			buildConfigurationList = EE6D52442DD8274400D0D1C8 /* Build configuration list for PBXNativeTarget "Music Player" */;
			buildPhases = (
				EE6D52162DD8273B00D0D1C8 /* Sources */,
				EE6D52172DD8273B00D0D1C8 /* Frameworks */,
				EE6D52182DD8273B00D0D1C8 /* Resources */,
			);
			buildRules = (
			);
			dependencies = (
			);
			name = "Music Player";
			productName = "Music Player";
			productReference = EE6D521A2DD8273B00D0D1C8 /* Music Player.app */;
			productType = "com.apple.product-type.application";
		};
		EE6D522F2DD8274400D0D1C8 /* Music PlayerTests */ = {
			isa = PBXNativeTarget;
			buildConfigurationList = EE6D52472DD8274400D0D1C8 /* Build configuration list for PBXNativeTarget "Music PlayerTests" */;
			buildPhases = (
				EE6D522C2DD8274400D0D1C8 /* Sources */,
				EE6D522D2DD8274400D0D1C8 /* Frameworks */,
				EE6D522E2DD8274400D0D1C8 /* Resources */,
			);
			buildRules = (
			);
			dependencies = (
				EE6D52322DD8274400D0D1C8 /* PBXTargetDependency */,
			);
			name = "Music PlayerTests";
			productName = "Music PlayerTests";
			productReference = EE6D52302DD8274400D0D1C8 /* Music PlayerTests.xctest */;
			productType = "com.apple.product-type.bundle.unit-test";
		};
		EE6D52392DD8274400D0D1C8 /* Music PlayerUITests */ = {
			isa = PBXNativeTarget;
			buildConfigurationList = EE6D524A2DD8274400D0D1C8 /* Build configuration list for PBXNativeTarget "Music PlayerUITests" */;
			buildPhases = (
				EE6D52362DD8274400D0D1C8 /* Sources */,
				EE6D52372DD8274400D0D1C8 /* Frameworks */,
				EE6D52382DD8274400D0D1C8 /* Resources */,
			);
			buildRules = (
			);
			dependencies = (
				EE6D523C2DD8274400D0D1C8 /* PBXTargetDependency */,
			);
			name = "Music PlayerUITests";
			productName = "Music PlayerUITests";
			productReference = EE6D523A2DD8274400D0D1C8 /* Music PlayerUITests.xctest */;
			productType = "com.apple.product-type.bundle.ui-testing";
		};
/* End PBXNativeTarget section */

/* Begin PBXProject section */
		EE6D52122DD8273B00D0D1C8 /* Project object */ = {
			isa = PBXProject;
			attributes = {
				BuildIndependentTargetsInParallel = 1;
				LastSwiftUpdateCheck = 1540;
				LastUpgradeCheck = 1540;
				TargetAttributes = {
					EE6D52192DD8273B00D0D1C8 = {
						CreatedOnToolsVersion = 15.4;
					};
					EE6D522F2DD8274400D0D1C8 = {
						CreatedOnToolsVersion = 15.4;
						TestTargetID = EE6D52192DD8273B00D0D1C8;
					};
					EE6D52392DD8274400D0D1C8 = {
						CreatedOnToolsVersion = 15.4;
						TestTargetID = EE6D52192DD8273B00D0D1C8;
					};
				};
			};
			buildConfigurationList = EE6D52152DD8273B00D0D1C8 /* Build configuration list for PBXProject "Music Player" */;
			compatibilityVersion = "Xcode 14.0";
			developmentRegion = en;
			hasScannedForEncodings = 0;
			knownRegions = (
				en,
				Base,
			);
			mainGroup = EE6D52112DD8273B00D0D1C8;
			productRefGroup = EE6D521B2DD8273B00D0D1C8 /* Products */;
			projectDirPath = "";
			projectRoot = "";
			targets = (
				EE6D52192DD8273B00D0D1C8 /* Music Player */,
				EE6D522F2DD8274400D0D1C8 /* Music PlayerTests */,
				EE6D52392DD8274400D0D1C8 /* Music PlayerUITests */,
			);
		};
/* End PBXProject section */

/* Begin PBXResourcesBuildPhase section */
		EE6D52182DD8273B00D0D1C8 /* Resources */ = {
			isa = PBXResourcesBuildPhase;
			buildActionMask = 2147483647;
			files = (
				EE6D52272DD8274300D0D1C8 /* Assets.xcassets in Resources */,
				EE46FD112DD82E0000BCF0BF /* PlayerViewController.xib in Resources */,
				EE6D522A2DD8274300D0D1C8 /* Base in Resources */,
				EE6D52252DD8273B00D0D1C8 /* Base in Resources */,
			);
			runOnlyForDeploymentPostprocessing = 0;
		};
		EE6D522E2DD8274400D0D1C8 /* Resources */ = {
			isa = PBXResourcesBuildPhase;
			buildActionMask = 2147483647;
			files = (
			);
			runOnlyForDeploymentPostprocessing = 0;
		};
		EE6D52382DD8274400D0D1C8 /* Resources */ = {
			isa = PBXResourcesBuildPhase;
			buildActionMask = 2147483647;
			files = (
			);
			runOnlyForDeploymentPostprocessing = 0;
		};
/* End PBXResourcesBuildPhase section */

/* Begin PBXSourcesBuildPhase section */
		EE6D52162DD8273B00D0D1C8 /* Sources */ = {
			isa = PBXSourcesBuildPhase;
			buildActionMask = 2147483647;
			files = (
				EE46FD192DD83CEF00BCF0BF /* WebService.swift in Sources */,
				EE6D52222DD8273B00D0D1C8 /* ViewController.swift in Sources */,
				EE46FD102DD82E0000BCF0BF /* PlayerViewController.swift in Sources */,
				EE6D521E2DD8273B00D0D1C8 /* AppDelegate.swift in Sources */,
				EE6D52202DD8273B00D0D1C8 /* SceneDelegate.swift in Sources */,
				EE46FD162DD837A000BCF0BF /* Song.swift in Sources */,
				EE46FD1B2DD8494400BCF0BF /* ViewModel.swift in Sources */,
			);
			runOnlyForDeploymentPostprocessing = 0;
		};
		EE6D522C2DD8274400D0D1C8 /* Sources */ = {
			isa = PBXSourcesBuildPhase;
			buildActionMask = 2147483647;
			files = (
				EE6D52352DD8274400D0D1C8 /* Music_PlayerTests.swift in Sources */,
			);
			runOnlyForDeploymentPostprocessing = 0;
		};
		EE6D52362DD8274400D0D1C8 /* Sources */ = {
			isa = PBXSourcesBuildPhase;
			buildActionMask = 2147483647;
			files = (
				EE6D523F2DD8274400D0D1C8 /* Music_PlayerUITests.swift in Sources */,
				EE6D52412DD8274400D0D1C8 /* Music_PlayerUITestsLaunchTests.swift in Sources */,
			);
			runOnlyForDeploymentPostprocessing = 0;
		};
/* End PBXSourcesBuildPhase section */

/* Begin PBXTargetDependency section */
		EE6D52322DD8274400D0D1C8 /* PBXTargetDependency */ = {
			isa = PBXTargetDependency;
			target = EE6D52192DD8273B00D0D1C8 /* Music Player */;
			targetProxy = EE6D52312DD8274400D0D1C8 /* PBXContainerItemProxy */;
		};
		EE6D523C2DD8274400D0D1C8 /* PBXTargetDependency */ = {
			isa = PBXTargetDependency;
			target = EE6D52192DD8273B00D0D1C8 /* Music Player */;
			targetProxy = EE6D523B2DD8274400D0D1C8 /* PBXContainerItemProxy */;
		};
/* End PBXTargetDependency section */

/* Begin PBXVariantGroup section */
		EE6D52232DD8273B00D0D1C8 /* Main.storyboard */ = {
			isa = PBXVariantGroup;
			children = (
				EE6D52242DD8273B00D0D1C8 /* Base */,
			);
			name = Main.storyboard;
			sourceTree = "<group>";
		};
		EE6D52282DD8274300D0D1C8 /* LaunchScreen.storyboard */ = {
			isa = PBXVariantGroup;
			children = (
				EE6D52292DD8274300D0D1C8 /* Base */,
			);
			name = LaunchScreen.storyboard;
			sourceTree = "<group>";
		};
/* End PBXVariantGroup section */

/* Begin XCBuildConfiguration section */
		EE6D52422DD8274400D0D1C8 /* Debug */ = {
			isa = XCBuildConfiguration;
			buildSettings = {
				ALWAYS_SEARCH_USER_PATHS = NO;
				ASSETCATALOG_COMPILER_GENERATE_SWIFT_ASSET_SYMBOL_EXTENSIONS = YES;
				CLANG_ANALYZER_NONNULL = YES;
				CLANG_ANALYZER_NUMBER_OBJECT_CONVERSION = YES_AGGRESSIVE;
				CLANG_CXX_LANGUAGE_STANDARD = "gnu++20";
				CLANG_ENABLE_MODULES = YES;
				CLANG_ENABLE_OBJC_ARC = YES;
				CLANG_ENABLE_OBJC_WEAK = YES;
				CLANG_WARN_BLOCK_CAPTURE_AUTORELEASING = YES;
				CLANG_WARN_BOOL_CONVERSION = YES;
				CLANG_WARN_COMMA = YES;
				CLANG_WARN_CONSTANT_CONVERSION = YES;
				CLANG_WARN_DEPRECATED_OBJC_IMPLEMENTATIONS = YES;
				CLANG_WARN_DIRECT_OBJC_ISA_USAGE = YES_ERROR;
				CLANG_WARN_DOCUMENTATION_COMMENTS = YES;
				CLANG_WARN_EMPTY_BODY = YES;
				CLANG_WARN_ENUM_CONVERSION = YES;
				CLANG_WARN_INFINITE_RECURSION = YES;
				CLANG_WARN_INT_CONVERSION = YES;
				CLANG_WARN_NON_LITERAL_NULL_CONVERSION = YES;
				CLANG_WARN_OBJC_IMPLICIT_RETAIN_SELF = YES;
				CLANG_WARN_OBJC_LITERAL_CONVERSION = YES;
				CLANG_WARN_OBJC_ROOT_CLASS = YES_ERROR;
				CLANG_WARN_QUOTED_INCLUDE_IN_FRAMEWORK_HEADER = YES;
				CLANG_WARN_RANGE_LOOP_ANALYSIS = YES;
				CLANG_WARN_STRICT_PROTOTYPES = YES;
				CLANG_WARN_SUSPICIOUS_MOVE = YES;
				CLANG_WARN_UNGUARDED_AVAILABILITY = YES_AGGRESSIVE;
				CLANG_WARN_UNREACHABLE_CODE = YES;
				CLANG_WARN__DUPLICATE_METHOD_MATCH = YES;
				COPY_PHASE_STRIP = NO;
				DEBUG_INFORMATION_FORMAT = dwarf;
				ENABLE_STRICT_OBJC_MSGSEND = YES;
				ENABLE_TESTABILITY = YES;
				ENABLE_USER_SCRIPT_SANDBOXING = YES;
				GCC_C_LANGUAGE_STANDARD = gnu17;
				GCC_DYNAMIC_NO_PIC = NO;
				GCC_NO_COMMON_BLOCKS = YES;
				GCC_OPTIMIZATION_LEVEL = 0;
				GCC_PREPROCESSOR_DEFINITIONS = (
					"DEBUG=1",
					"$(inherited)",
				);
				GCC_WARN_64_TO_32_BIT_CONVERSION = YES;
				GCC_WARN_ABOUT_RETURN_TYPE = YES_ERROR;
				GCC_WARN_UNDECLARED_SELECTOR = YES;
				GCC_WARN_UNINITIALIZED_AUTOS = YES_AGGRESSIVE;
				GCC_WARN_UNUSED_FUNCTION = YES;
				GCC_WARN_UNUSED_VARIABLE = YES;
				IPHONEOS_DEPLOYMENT_TARGET = 17.5;
				LOCALIZATION_PREFERS_STRING_CATALOGS = YES;
				MTL_ENABLE_DEBUG_INFO = INCLUDE_SOURCE;
				MTL_FAST_MATH = YES;
				ONLY_ACTIVE_ARCH = YES;
				SDKROOT = iphoneos;
				SWIFT_ACTIVE_COMPILATION_CONDITIONS = "DEBUG $(inherited)";
				SWIFT_OPTIMIZATION_LEVEL = "-Onone";
			};
			name = Debug;
		};
		EE6D52432DD8274400D0D1C8 /* Release */ = {
			isa = XCBuildConfiguration;
			buildSettings = {
				ALWAYS_SEARCH_USER_PATHS = NO;
				ASSETCATALOG_COMPILER_GENERATE_SWIFT_ASSET_SYMBOL_EXTENSIONS = YES;
				CLANG_ANALYZER_NONNULL = YES;
				CLANG_ANALYZER_NUMBER_OBJECT_CONVERSION = YES_AGGRESSIVE;
				CLANG_CXX_LANGUAGE_STANDARD = "gnu++20";
				CLANG_ENABLE_MODULES = YES;
				CLANG_ENABLE_OBJC_ARC = YES;
				CLANG_ENABLE_OBJC_WEAK = YES;
				CLANG_WARN_BLOCK_CAPTURE_AUTORELEASING = YES;
				CLANG_WARN_BOOL_CONVERSION = YES;
				CLANG_WARN_COMMA = YES;
				CLANG_WARN_CONSTANT_CONVERSION = YES;
				CLANG_WARN_DEPRECATED_OBJC_IMPLEMENTATIONS = YES;
				CLANG_WARN_DIRECT_OBJC_ISA_USAGE = YES_ERROR;
				CLANG_WARN_DOCUMENTATION_COMMENTS = YES;
				CLANG_WARN_EMPTY_BODY = YES;
				CLANG_WARN_ENUM_CONVERSION = YES;
				CLANG_WARN_INFINITE_RECURSION = YES;
				CLANG_WARN_INT_CONVERSION = YES;
				CLANG_WARN_NON_LITERAL_NULL_CONVERSION = YES;
				CLANG_WARN_OBJC_IMPLICIT_RETAIN_SELF = YES;
				CLANG_WARN_OBJC_LITERAL_CONVERSION = YES;
				CLANG_WARN_OBJC_ROOT_CLASS = YES_ERROR;
				CLANG_WARN_QUOTED_INCLUDE_IN_FRAMEWORK_HEADER = YES;
				CLANG_WARN_RANGE_LOOP_ANALYSIS = YES;
				CLANG_WARN_STRICT_PROTOTYPES = YES;
				CLANG_WARN_SUSPICIOUS_MOVE = YES;
				CLANG_WARN_UNGUARDED_AVAILABILITY = YES_AGGRESSIVE;
				CLANG_WARN_UNREACHABLE_CODE = YES;
				CLANG_WARN__DUPLICATE_METHOD_MATCH = YES;
				COPY_PHASE_STRIP = NO;
				DEBUG_INFORMATION_FORMAT = "dwarf-with-dsym";
				ENABLE_NS_ASSERTIONS = NO;
				ENABLE_STRICT_OBJC_MSGSEND = YES;
				ENABLE_USER_SCRIPT_SANDBOXING = YES;
				GCC_C_LANGUAGE_STANDARD = gnu17;
				GCC_NO_COMMON_BLOCKS = YES;
				GCC_WARN_64_TO_32_BIT_CONVERSION = YES;
				GCC_WARN_ABOUT_RETURN_TYPE = YES_ERROR;
				GCC_WARN_UNDECLARED_SELECTOR = YES;
				GCC_WARN_UNINITIALIZED_AUTOS = YES_AGGRESSIVE;
				GCC_WARN_UNUSED_FUNCTION = YES;
				GCC_WARN_UNUSED_VARIABLE = YES;
				IPHONEOS_DEPLOYMENT_TARGET = 17.5;
				LOCALIZATION_PREFERS_STRING_CATALOGS = YES;
				MTL_ENABLE_DEBUG_INFO = NO;
				MTL_FAST_MATH = YES;
				SDKROOT = iphoneos;
				SWIFT_COMPILATION_MODE = wholemodule;
				VALIDATE_PRODUCT = YES;
			};
			name = Release;
		};
		EE6D52452DD8274400D0D1C8 /* Debug */ = {
			isa = XCBuildConfiguration;
			buildSettings = {
				ASSETCATALOG_COMPILER_APPICON_NAME = AppIcon;
				ASSETCATALOG_COMPILER_GLOBAL_ACCENT_COLOR_NAME = AccentColor;
				CODE_SIGN_STYLE = Automatic;
				CURRENT_PROJECT_VERSION = 1;
				GENERATE_INFOPLIST_FILE = YES;
				INFOPLIST_FILE = "Music Player/Info.plist";
				INFOPLIST_KEY_UIApplicationSupportsIndirectInputEvents = YES;
				INFOPLIST_KEY_UILaunchStoryboardName = LaunchScreen;
				INFOPLIST_KEY_UIMainStoryboardFile = Main;
				INFOPLIST_KEY_UISupportedInterfaceOrientations_iPad = "UIInterfaceOrientationPortrait UIInterfaceOrientationPortraitUpsideDown UIInterfaceOrientationLandscapeLeft UIInterfaceOrientationLandscapeRight";
				INFOPLIST_KEY_UISupportedInterfaceOrientations_iPhone = "UIInterfaceOrientationPortrait UIInterfaceOrientationLandscapeLeft UIInterfaceOrientationLandscapeRight";
				LD_RUNPATH_SEARCH_PATHS = (
					"$(inherited)",
					"@executable_path/Frameworks",
				);
				MARKETING_VERSION = 1.0;
				PRODUCT_BUNDLE_IDENTIFIER = "com.Music-Player";
				PRODUCT_NAME = "$(TARGET_NAME)";
				SWIFT_EMIT_LOC_STRINGS = YES;
				SWIFT_VERSION = 5.0;
				TARGETED_DEVICE_FAMILY = "1,2";
			};
			name = Debug;
		};
		EE6D52462DD8274400D0D1C8 /* Release */ = {
			isa = XCBuildConfiguration;
			buildSettings = {
				ASSETCATALOG_COMPILER_APPICON_NAME = AppIcon;
				ASSETCATALOG_COMPILER_GLOBAL_ACCENT_COLOR_NAME = AccentColor;
				CODE_SIGN_STYLE = Automatic;
				CURRENT_PROJECT_VERSION = 1;
				GENERATE_INFOPLIST_FILE = YES;
				INFOPLIST_FILE = "Music Player/Info.plist";
				INFOPLIST_KEY_UIApplicationSupportsIndirectInputEvents = YES;
				INFOPLIST_KEY_UILaunchStoryboardName = LaunchScreen;
				INFOPLIST_KEY_UIMainStoryboardFile = Main;
				INFOPLIST_KEY_UISupportedInterfaceOrientations_iPad = "UIInterfaceOrientationPortrait UIInterfaceOrientationPortraitUpsideDown UIInterfaceOrientationLandscapeLeft UIInterfaceOrientationLandscapeRight";
				INFOPLIST_KEY_UISupportedInterfaceOrientations_iPhone = "UIInterfaceOrientationPortrait UIInterfaceOrientationLandscapeLeft UIInterfaceOrientationLandscapeRight";
				LD_RUNPATH_SEARCH_PATHS = (
					"$(inherited)",
					"@executable_path/Frameworks",
				);
				MARKETING_VERSION = 1.0;
				PRODUCT_BUNDLE_IDENTIFIER = "com.Music-Player";
				PRODUCT_NAME = "$(TARGET_NAME)";
				SWIFT_EMIT_LOC_STRINGS = YES;
				SWIFT_VERSION = 5.0;
				TARGETED_DEVICE_FAMILY = "1,2";
			};
			name = Release;
		};
		EE6D52482DD8274400D0D1C8 /* Debug */ = {
			isa = XCBuildConfiguration;
			buildSettings = {
				ALWAYS_EMBED_SWIFT_STANDARD_LIBRARIES = YES;
				BUNDLE_LOADER = "$(TEST_HOST)";
				CODE_SIGN_STYLE = Automatic;
				CURRENT_PROJECT_VERSION = 1;
				GENERATE_INFOPLIST_FILE = YES;
				IPHONEOS_DEPLOYMENT_TARGET = 17.5;
				MARKETING_VERSION = 1.0;
				PRODUCT_BUNDLE_IDENTIFIER = "com.Music-PlayerTests";
				PRODUCT_NAME = "$(TARGET_NAME)";
				SWIFT_EMIT_LOC_STRINGS = NO;
				SWIFT_VERSION = 5.0;
				TARGETED_DEVICE_FAMILY = "1,2";
				TEST_HOST = "$(BUILT_PRODUCTS_DIR)/Music Player.app/$(BUNDLE_EXECUTABLE_FOLDER_PATH)/Music Player";
			};
			name = Debug;
		};
		EE6D52492DD8274400D0D1C8 /* Release */ = {
			isa = XCBuildConfiguration;
			buildSettings = {
				ALWAYS_EMBED_SWIFT_STANDARD_LIBRARIES = YES;
				BUNDLE_LOADER = "$(TEST_HOST)";
				CODE_SIGN_STYLE = Automatic;
				CURRENT_PROJECT_VERSION = 1;
				GENERATE_INFOPLIST_FILE = YES;
				IPHONEOS_DEPLOYMENT_TARGET = 17.5;
				MARKETING_VERSION = 1.0;
				PRODUCT_BUNDLE_IDENTIFIER = "com.Music-PlayerTests";
				PRODUCT_NAME = "$(TARGET_NAME)";
				SWIFT_EMIT_LOC_STRINGS = NO;
				SWIFT_VERSION = 5.0;
				TARGETED_DEVICE_FAMILY = "1,2";
				TEST_HOST = "$(BUILT_PRODUCTS_DIR)/Music Player.app/$(BUNDLE_EXECUTABLE_FOLDER_PATH)/Music Player";
			};
			name = Release;
		};
		EE6D524B2DD8274400D0D1C8 /* Debug */ = {
			isa = XCBuildConfiguration;
			buildSettings = {
				ALWAYS_EMBED_SWIFT_STANDARD_LIBRARIES = YES;
				CODE_SIGN_STYLE = Automatic;
				CURRENT_PROJECT_VERSION = 1;
				GENERATE_INFOPLIST_FILE = YES;
				MARKETING_VERSION = 1.0;
				PRODUCT_BUNDLE_IDENTIFIER = "com.Music-PlayerUITests";
				PRODUCT_NAME = "$(TARGET_NAME)";
				SWIFT_EMIT_LOC_STRINGS = NO;
				SWIFT_VERSION = 5.0;
				TARGETED_DEVICE_FAMILY = "1,2";
				TEST_TARGET_NAME = "Music Player";
			};
			name = Debug;
		};
		EE6D524C2DD8274400D0D1C8 /* Release */ = {
			isa = XCBuildConfiguration;
			buildSettings = {
				ALWAYS_EMBED_SWIFT_STANDARD_LIBRARIES = YES;
				CODE_SIGN_STYLE = Automatic;
				CURRENT_PROJECT_VERSION = 1;
				GENERATE_INFOPLIST_FILE = YES;
				MARKETING_VERSION = 1.0;
				PRODUCT_BUNDLE_IDENTIFIER = "com.Music-PlayerUITests";
				PRODUCT_NAME = "$(TARGET_NAME)";
				SWIFT_EMIT_LOC_STRINGS = NO;
				SWIFT_VERSION = 5.0;
				TARGETED_DEVICE_FAMILY = "1,2";
				TEST_TARGET_NAME = "Music Player";
			};
			name = Release;
		};
/* End XCBuildConfiguration section */

/* Begin XCConfigurationList section */
		EE6D52152DD8273B00D0D1C8 /* Build configuration list for PBXProject "Music Player" */ = {
			isa = XCConfigurationList;
			buildConfigurations = (
				EE6D52422DD8274400D0D1C8 /* Debug */,
				EE6D52432DD8274400D0D1C8 /* Release */,
			);
			defaultConfigurationIsVisible = 0;
			defaultConfigurationName = Release;
		};
		EE6D52442DD8274400D0D1C8 /* Build configuration list for PBXNativeTarget "Music Player" */ = {
			isa = XCConfigurationList;
			buildConfigurations = (
				EE6D52452DD8274400D0D1C8 /* Debug */,
				EE6D52462DD8274400D0D1C8 /* Release */,
			);
			defaultConfigurationIsVisible = 0;
			defaultConfigurationName = Release;
		};
		EE6D52472DD8274400D0D1C8 /* Build configuration list for PBXNativeTarget "Music PlayerTests" */ = {
			isa = XCConfigurationList;
			buildConfigurations = (
				EE6D52482DD8274400D0D1C8 /* Debug */,
				EE6D52492DD8274400D0D1C8 /* Release */,
			);
			defaultConfigurationIsVisible = 0;
			defaultConfigurationName = Release;
		};
		EE6D524A2DD8274400D0D1C8 /* Build configuration list for PBXNativeTarget "Music PlayerUITests" */ = {
			isa = XCConfigurationList;
			buildConfigurations = (
				EE6D524B2DD8274400D0D1C8 /* Debug */,
				EE6D524C2DD8274400D0D1C8 /* Release */,
			);
			defaultConfigurationIsVisible = 0;
			defaultConfigurationName = Release;
		};
/* End XCConfigurationList section */
	};
	rootObject = EE6D52122DD8273B00D0D1C8 /* Project object */;
}
